{
    "name": "angular-seed",
    "version": "1.0.0",
    "lockfileVersion": 1,
    "requires": true,
    "dependencies": {
        "angular-tree-control": {
            "version": "0.2.30",
            "resolved": "https://registry.npmjs.org/angular-tree-control/-/angular-tree-control-0.2.30.tgz",
            "integrity": "sha1-XUti+x72rHQh2BHEzzFUZOCZE+Q="
        },
        "lodash": {
            "version": "3.10.1",
            "resolved": "https://registry.npmjs.org/lodash/-/lodash-3.10.1.tgz",
            "integrity": "sha1-W/Rejkm6QYnhfUgnid/RW9FAt7Y=",
            "dev": true
        },
        "requirejs": {
            "version": "2.3.5",
            "resolved": "https://registry.npmjs.org/requirejs/-/requirejs-2.3.5.tgz",
            "integrity": "sha512-svnO+aNcR/an9Dpi44C7KSAy5fFGLtmPbaaCeQaklUz8BQhS64tWWIIlvEA5jrWICzlO/X9KSzSeXFnZdBu8nw==",
            "dev": true
        }
    }
}
